
Microsoft Visual Studio Solution File, Format Version 12.00
# Visual Studio 15
VisualStudioVersion = 15.0.27428.2015
MinimumVisualStudioVersion = 10.0.40219.1
Project("{FAE04EC0-301F-11D3-BF4B-00C04F79EFBC}") = "BoatRental.DAL", "BoatRental.DAL\BoatRental.DAL.csproj", "{9FF018F4-A5A6-45ED-962C-C1ECC61C624E}"
EndProject
Project("{FAE04EC0-301F-11D3-BF4B-00C04F79EFBC}") = "BoatRental.Repository", "BoatRental.Repository\BoatRental.Repository.csproj", "{B83C53A6-D971-4A8A-82B0-9107324536E4}"
EndProject
Project("{FAE04EC0-301F-11D3-BF4B-00C04F79EFBC}") = "BoatRental.Models", "BoatRental.Models\BoatRental.Models.csproj", "{F4D792EC-74FD-45EB-9F03-34BA51D7BB47}"
EndProject
Project("{FAE04EC0-301F-11D3-BF4B-00C04F79EFBC}") = "BoatRental.Web", "BoatRental.Web\BoatRental.Web.csproj", "{E6ACD54E-8B7D-43BB-BC14-8A6431086D12}"
EndProject
Global
	GlobalSection(SolutionConfigurationPlatforms) = preSolution
		Debug|Any CPU = Debug|Any CPU
		Release|Any CPU = Release|Any CPU
	EndGlobalSection
	GlobalSection(ProjectConfigurationPlatforms) = postSolution
		{9FF018F4-A5A6-45ED-962C-C1ECC61C624E}.Debug|Any CPU.ActiveCfg = Debug|Any CPU
		{9FF018F4-A5A6-45ED-962C-C1ECC61C624E}.Debug|Any CPU.Build.0 = Debug|Any CPU
		{9FF018F4-A5A6-45ED-962C-C1ECC61C624E}.Release|Any CPU.ActiveCfg = Release|Any CPU
		{9FF018F4-A5A6-45ED-962C-C1ECC61C624E}.Release|Any CPU.Build.0 = Release|Any CPU
		{B83C53A6-D971-4A8A-82B0-9107324536E4}.Debug|Any CPU.ActiveCfg = Debug|Any CPU
		{B83C53A6-D971-4A8A-82B0-9107324536E4}.Debug|Any CPU.Build.0 = Debug|Any CPU
		{B83C53A6-D971-4A8A-82B0-9107324536E4}.Release|Any CPU.ActiveCfg = Release|Any CPU
		{B83C53A6-D971-4A8A-82B0-9107324536E4}.Release|Any CPU.Build.0 = Release|Any CPU
		{F4D792EC-74FD-45EB-9F03-34BA51D7BB47}.Debug|Any CPU.ActiveCfg = Debug|Any CPU
		{F4D792EC-74FD-45EB-9F03-34BA51D7BB47}.Debug|Any CPU.Build.0 = Debug|Any CPU
		{F4D792EC-74FD-45EB-9F03-34BA51D7BB47}.Release|Any CPU.ActiveCfg = Release|Any CPU
		{F4D792EC-74FD-45EB-9F03-34BA51D7BB47}.Release|Any CPU.Build.0 = Release|Any CPU
		{E6ACD54E-8B7D-43BB-BC14-8A6431086D12}.Debug|Any CPU.ActiveCfg = Debug|Any CPU
		{E6ACD54E-8B7D-43BB-BC14-8A6431086D12}.Debug|Any CPU.Build.0 = Debug|Any CPU
		{E6ACD54E-8B7D-43BB-BC14-8A6431086D12}.Release|Any CPU.ActiveCfg = Release|Any CPU
		{E6ACD54E-8B7D-43BB-BC14-8A6431086D12}.Release|Any CPU.Build.0 = Release|Any CPU
	EndGlobalSection
	GlobalSection(SolutionProperties) = preSolution
		HideSolutionNode = FALSE
	EndGlobalSection
	GlobalSection(ExtensibilityGlobals) = postSolution
		SolutionGuid = {7F1FFF79-DEE7-47AD-A36F-5E1871089AE3}
	EndGlobalSection
EndGlobal
